
Microsoft Visual Studio Solution File, Format Version 12.00
# Visual Studio 2013
VisualStudioVersion = 12.0.21005.1
MinimumVisualStudioVersion = 10.0.40219.1
Project("{FAE04EC0-301F-11D3-BF4B-00C04F79EFBC}") = "SocketDemo", "SocketDemo\SocketDemo.csproj", "{74747524-3D33-4663-83BF-125715A9AD7D}"
EndProject
Project("{FAE04EC0-301F-11D3-BF4B-00C04F79EFBC}") = "SocketClient", "SocketClient\SocketClient.csproj", "{E16BC678-5F9B-427F-80A8-F712A1D8CFD4}"
EndProject
Global
	GlobalSection(SolutionConfigurationPlatforms) = preSolution
		Debug|Any CPU = Debug|Any CPU
		Release|Any CPU = Release|Any CPU
	EndGlobalSection
	GlobalSection(ProjectConfigurationPlatforms) = postSolution
		{74747524-3D33-4663-83BF-125715A9AD7D}.Debug|Any CPU.ActiveCfg = Debug|Any CPU
		{74747524-3D33-4663-83BF-125715A9AD7D}.Debug|Any CPU.Build.0 = Debug|Any CPU
		{74747524-3D33-4663-83BF-125715A9AD7D}.Release|Any CPU.ActiveCfg = Release|Any CPU
		{74747524-3D33-4663-83BF-125715A9AD7D}.Release|Any CPU.Build.0 = Release|Any CPU
		{E16BC678-5F9B-427F-80A8-F712A1D8CFD4}.Debug|Any CPU.ActiveCfg = Debug|Any CPU
		{E16BC678-5F9B-427F-80A8-F712A1D8CFD4}.Debug|Any CPU.Build.0 = Debug|Any CPU
		{E16BC678-5F9B-427F-80A8-F712A1D8CFD4}.Release|Any CPU.ActiveCfg = Release|Any CPU
		{E16BC678-5F9B-427F-80A8-F712A1D8CFD4}.Release|Any CPU.Build.0 = Release|Any CPU
	EndGlobalSection
	GlobalSection(SolutionProperties) = preSolution
		HideSolutionNode = FALSE
	EndGlobalSection
EndGlobal
