
Microsoft Visual Studio Solution File, Format Version 12.00
# Visual Studio 15
VisualStudioVersion = 15.0.28010.2048
MinimumVisualStudioVersion = 10.0.40219.1
Project("{FAE04EC0-301F-11D3-BF4B-00C04F79EFBC}") = "StaticHtml", "StaticHtml\StaticHtml.csproj", "{C7ABD525-3DF6-4621-844C-668A061BBCFC}"
EndProject
Global
	GlobalSection(SolutionConfigurationPlatforms) = preSolution
		Debug|Any CPU = Debug|Any CPU
		Release|Any CPU = Release|Any CPU
	EndGlobalSection
	GlobalSection(ProjectConfigurationPlatforms) = postSolution
		{C7ABD525-3DF6-4621-844C-668A061BBCFC}.Debug|Any CPU.ActiveCfg = Debug|Any CPU
		{C7ABD525-3DF6-4621-844C-668A061BBCFC}.Debug|Any CPU.Build.0 = Debug|Any CPU
		{C7ABD525-3DF6-4621-844C-668A061BBCFC}.Release|Any CPU.ActiveCfg = Release|Any CPU
		{C7ABD525-3DF6-4621-844C-668A061BBCFC}.Release|Any CPU.Build.0 = Release|Any CPU
	EndGlobalSection
	GlobalSection(SolutionProperties) = preSolution
		HideSolutionNode = FALSE
	EndGlobalSection
	GlobalSection(ExtensibilityGlobals) = postSolution
		SolutionGuid = {86DF1FC9-47EC-4DD6-BC56-32483377EA09}
	EndGlobalSection
EndGlobal
