
Microsoft Visual Studio Solution File, Format Version 12.00
# Visual Studio 15
VisualStudioVersion = 15.0.28307.421
MinimumVisualStudioVersion = 10.0.40219.1
Project("{FAE04EC0-301F-11D3-BF4B-00C04F79EFBC}") = "WebApplication1", "WebApplication1\WebApplication1.csproj", "{396BDC70-54CE-41FA-833F-85801439CA2B}"
EndProject
Project("{FAE04EC0-301F-11D3-BF4B-00C04F79EFBC}") = "NuGetServerDemoDLL", "NuGetServerDemoDLL\NuGetServerDemoDLL.csproj", "{18BF8D76-045D-4B0B-BFD9-6F97067F0466}"
EndProject
Project("{FAE04EC0-301F-11D3-BF4B-00C04F79EFBC}") = "ConsoleApp1", "ConsoleApp1\ConsoleApp1.csproj", "{28C38CF1-4EFE-4E2B-B892-F929120C97AF}"
EndProject
Global
	GlobalSection(SolutionConfigurationPlatforms) = preSolution
		Debug|Any CPU = Debug|Any CPU
		Release|Any CPU = Release|Any CPU
	EndGlobalSection
	GlobalSection(ProjectConfigurationPlatforms) = postSolution
		{396BDC70-54CE-41FA-833F-85801439CA2B}.Debug|Any CPU.ActiveCfg = Debug|Any CPU
		{396BDC70-54CE-41FA-833F-85801439CA2B}.Debug|Any CPU.Build.0 = Debug|Any CPU
		{396BDC70-54CE-41FA-833F-85801439CA2B}.Release|Any CPU.ActiveCfg = Release|Any CPU
		{396BDC70-54CE-41FA-833F-85801439CA2B}.Release|Any CPU.Build.0 = Release|Any CPU
		{18BF8D76-045D-4B0B-BFD9-6F97067F0466}.Debug|Any CPU.ActiveCfg = Debug|Any CPU
		{18BF8D76-045D-4B0B-BFD9-6F97067F0466}.Debug|Any CPU.Build.0 = Debug|Any CPU
		{18BF8D76-045D-4B0B-BFD9-6F97067F0466}.Release|Any CPU.ActiveCfg = Release|Any CPU
		{18BF8D76-045D-4B0B-BFD9-6F97067F0466}.Release|Any CPU.Build.0 = Release|Any CPU
		{28C38CF1-4EFE-4E2B-B892-F929120C97AF}.Debug|Any CPU.ActiveCfg = Debug|Any CPU
		{28C38CF1-4EFE-4E2B-B892-F929120C97AF}.Debug|Any CPU.Build.0 = Debug|Any CPU
		{28C38CF1-4EFE-4E2B-B892-F929120C97AF}.Release|Any CPU.ActiveCfg = Release|Any CPU
		{28C38CF1-4EFE-4E2B-B892-F929120C97AF}.Release|Any CPU.Build.0 = Release|Any CPU
	EndGlobalSection
	GlobalSection(SolutionProperties) = preSolution
		HideSolutionNode = FALSE
	EndGlobalSection
	GlobalSection(ExtensibilityGlobals) = postSolution
		SolutionGuid = {16C518FF-8BDE-41D1-A6C8-21F1FB892141}
	EndGlobalSection
EndGlobal
