
Microsoft Visual Studio Solution File, Format Version 12.00
# Visual Studio Version 16
VisualStudioVersion = 16.0.28803.202
MinimumVisualStudioVersion = 10.0.40219.1
Project("{FAE04EC0-301F-11D3-BF4B-00C04F79EFBC}") = "WebApplication1", "WebApplication1\WebApplication1.csproj", "{D3372DD5-0C13-4962-8468-5A51F18C89FB}"
EndProject
Global
	GlobalSection(SolutionConfigurationPlatforms) = preSolution
		Debug|Any CPU = Debug|Any CPU
		Release|Any CPU = Release|Any CPU
	EndGlobalSection
	GlobalSection(ProjectConfigurationPlatforms) = postSolution
		{D3372DD5-0C13-4962-8468-5A51F18C89FB}.Debug|Any CPU.ActiveCfg = Debug|Any CPU
		{D3372DD5-0C13-4962-8468-5A51F18C89FB}.Debug|Any CPU.Build.0 = Debug|Any CPU
		{D3372DD5-0C13-4962-8468-5A51F18C89FB}.Release|Any CPU.ActiveCfg = Release|Any CPU
		{D3372DD5-0C13-4962-8468-5A51F18C89FB}.Release|Any CPU.Build.0 = Release|Any CPU
	EndGlobalSection
	GlobalSection(SolutionProperties) = preSolution
		HideSolutionNode = FALSE
	EndGlobalSection
	GlobalSection(ExtensibilityGlobals) = postSolution
		SolutionGuid = {DFEA6B07-2A0C-4CA3-97CF-67D431FA6C74}
	EndGlobalSection
EndGlobal
