
Microsoft Visual Studio Solution File, Format Version 12.00
# Visual Studio 15
VisualStudioVersion = 15.0.28010.2050
MinimumVisualStudioVersion = 10.0.40219.1
Project("{FAE04EC0-301F-11D3-BF4B-00C04F79EFBC}") = "WindowsFormsApp1", "WindowsFormsApp1\WindowsFormsApp1.csproj", "{A917EADA-FA01-43FE-A377-6B08DC815090}"
EndProject
Global
	GlobalSection(SolutionConfigurationPlatforms) = preSolution
		Debug|Any CPU = Debug|Any CPU
		Release|Any CPU = Release|Any CPU
	EndGlobalSection
	GlobalSection(ProjectConfigurationPlatforms) = postSolution
		{A917EADA-FA01-43FE-A377-6B08DC815090}.Debug|Any CPU.ActiveCfg = Debug|Any CPU
		{A917EADA-FA01-43FE-A377-6B08DC815090}.Debug|Any CPU.Build.0 = Debug|Any CPU
		{A917EADA-FA01-43FE-A377-6B08DC815090}.Release|Any CPU.ActiveCfg = Release|Any CPU
		{A917EADA-FA01-43FE-A377-6B08DC815090}.Release|Any CPU.Build.0 = Release|Any CPU
	EndGlobalSection
	GlobalSection(SolutionProperties) = preSolution
		HideSolutionNode = FALSE
	EndGlobalSection
	GlobalSection(ExtensibilityGlobals) = postSolution
		SolutionGuid = {2401927F-D5AA-416E-972B-18B2300BB4D2}
	EndGlobalSection
EndGlobal
