
Microsoft Visual Studio Solution File, Format Version 12.00
# Visual Studio 15
VisualStudioVersion = 15.0.28307.421
MinimumVisualStudioVersion = 10.0.40219.1
Project("{FAE04EC0-301F-11D3-BF4B-00C04F79EFBC}") = "ClassLibrary1", "ClassLibrary1\ClassLibrary1.csproj", "{A5EA902B-3E19-4506-B8C2-7E6BED7B4109}"
EndProject
Project("{FAE04EC0-301F-11D3-BF4B-00C04F79EFBC}") = "ClassLibrary2", "ClassLibrary2\ClassLibrary2.csproj", "{ADB99DAB-0B0A-40A8-AD48-69309B13B374}"
EndProject
Project("{FAE04EC0-301F-11D3-BF4B-00C04F79EFBC}") = "WebApplication1", "WebApplication1\WebApplication1.csproj", "{61538116-8498-4941-BE61-4D02D7F550FF}"
EndProject
Global
	GlobalSection(SolutionConfigurationPlatforms) = preSolution
		Debug|Any CPU = Debug|Any CPU
		Release|Any CPU = Release|Any CPU
	EndGlobalSection
	GlobalSection(ProjectConfigurationPlatforms) = postSolution
		{A5EA902B-3E19-4506-B8C2-7E6BED7B4109}.Debug|Any CPU.ActiveCfg = Debug|Any CPU
		{A5EA902B-3E19-4506-B8C2-7E6BED7B4109}.Debug|Any CPU.Build.0 = Debug|Any CPU
		{A5EA902B-3E19-4506-B8C2-7E6BED7B4109}.Release|Any CPU.ActiveCfg = Release|Any CPU
		{A5EA902B-3E19-4506-B8C2-7E6BED7B4109}.Release|Any CPU.Build.0 = Release|Any CPU
		{ADB99DAB-0B0A-40A8-AD48-69309B13B374}.Debug|Any CPU.ActiveCfg = Debug|Any CPU
		{ADB99DAB-0B0A-40A8-AD48-69309B13B374}.Debug|Any CPU.Build.0 = Debug|Any CPU
		{ADB99DAB-0B0A-40A8-AD48-69309B13B374}.Release|Any CPU.ActiveCfg = Release|Any CPU
		{ADB99DAB-0B0A-40A8-AD48-69309B13B374}.Release|Any CPU.Build.0 = Release|Any CPU
		{61538116-8498-4941-BE61-4D02D7F550FF}.Debug|Any CPU.ActiveCfg = Debug|Any CPU
		{61538116-8498-4941-BE61-4D02D7F550FF}.Debug|Any CPU.Build.0 = Debug|Any CPU
		{61538116-8498-4941-BE61-4D02D7F550FF}.Release|Any CPU.ActiveCfg = Release|Any CPU
		{61538116-8498-4941-BE61-4D02D7F550FF}.Release|Any CPU.Build.0 = Release|Any CPU
	EndGlobalSection
	GlobalSection(SolutionProperties) = preSolution
		HideSolutionNode = FALSE
	EndGlobalSection
	GlobalSection(ExtensibilityGlobals) = postSolution
		SolutionGuid = {045D4A25-6064-4E61-8F18-A4C5CC5D7EA7}
	EndGlobalSection
EndGlobal
