
Microsoft Visual Studio Solution File, Format Version 12.00
# Visual Studio Version 16
VisualStudioVersion = 16.0.28922.388
MinimumVisualStudioVersion = 10.0.40219.1
Project("{FAE04EC0-301F-11D3-BF4B-00C04F79EFBC}") = "AutoMapper", "AutoMapper\AutoMapper.csproj", "{0406B81D-10FD-4B1D-A295-606F49FF3648}"
EndProject
Global
	GlobalSection(SolutionConfigurationPlatforms) = preSolution
		Debug|Any CPU = Debug|Any CPU
		Release|Any CPU = Release|Any CPU
	EndGlobalSection
	GlobalSection(ProjectConfigurationPlatforms) = postSolution
		{0406B81D-10FD-4B1D-A295-606F49FF3648}.Debug|Any CPU.ActiveCfg = Debug|Any CPU
		{0406B81D-10FD-4B1D-A295-606F49FF3648}.Debug|Any CPU.Build.0 = Debug|Any CPU
		{0406B81D-10FD-4B1D-A295-606F49FF3648}.Release|Any CPU.ActiveCfg = Release|Any CPU
		{0406B81D-10FD-4B1D-A295-606F49FF3648}.Release|Any CPU.Build.0 = Release|Any CPU
	EndGlobalSection
	GlobalSection(SolutionProperties) = preSolution
		HideSolutionNode = FALSE
	EndGlobalSection
	GlobalSection(ExtensibilityGlobals) = postSolution
		SolutionGuid = {D19BB4AB-6E54-447A-844B-3E8E7397FD7E}
	EndGlobalSection
EndGlobal
