
Microsoft Visual Studio Solution File, Format Version 12.00
# Visual Studio 15
VisualStudioVersion = 15.0.28307.102
MinimumVisualStudioVersion = 10.0.40219.1
Project("{FAE04EC0-301F-11D3-BF4B-00C04F79EFBC}") = "WebApplication1", "WebApplication1\WebApplication1.csproj", "{64B37015-D895-457A-BC85-CEEFC328A3AA}"
EndProject
Global
	GlobalSection(SolutionConfigurationPlatforms) = preSolution
		Debug|Any CPU = Debug|Any CPU
		Release|Any CPU = Release|Any CPU
	EndGlobalSection
	GlobalSection(ProjectConfigurationPlatforms) = postSolution
		{64B37015-D895-457A-BC85-CEEFC328A3AA}.Debug|Any CPU.ActiveCfg = Debug|Any CPU
		{64B37015-D895-457A-BC85-CEEFC328A3AA}.Debug|Any CPU.Build.0 = Debug|Any CPU
		{64B37015-D895-457A-BC85-CEEFC328A3AA}.Release|Any CPU.ActiveCfg = Release|Any CPU
		{64B37015-D895-457A-BC85-CEEFC328A3AA}.Release|Any CPU.Build.0 = Release|Any CPU
	EndGlobalSection
	GlobalSection(SolutionProperties) = preSolution
		HideSolutionNode = FALSE
	EndGlobalSection
	GlobalSection(ExtensibilityGlobals) = postSolution
		SolutionGuid = {F385E7F1-41B7-41AB-B18D-49EA2E583713}
	EndGlobalSection
EndGlobal
