
Microsoft Visual Studio Solution File, Format Version 12.00
# Visual Studio 15
VisualStudioVersion = 15.0.28010.2048
MinimumVisualStudioVersion = 10.0.40219.1
Project("{FAE04EC0-301F-11D3-BF4B-00C04F79EFBC}") = "Entity", "Entity\Entity.csproj", "{AB6856D6-9682-4738-A3DD-05B94E153D9C}"
EndProject
Project("{FAE04EC0-301F-11D3-BF4B-00C04F79EFBC}") = "DAL", "DAL\DAL.csproj", "{F471ECA4-E08D-43F2-B229-D8CDCC60C569}"
EndProject
Project("{FAE04EC0-301F-11D3-BF4B-00C04F79EFBC}") = "BLL", "BLL\BLL.csproj", "{94529524-C21D-4192-8231-1D959EBB529D}"
EndProject
Project("{FAE04EC0-301F-11D3-BF4B-00C04F79EFBC}") = "ConsoleApp1", "ConsoleApp1\ConsoleApp1.csproj", "{7CE447D1-056B-4F09-BC52-414061B04A3E}"
EndProject
Global
	GlobalSection(SolutionConfigurationPlatforms) = preSolution
		Debug|Any CPU = Debug|Any CPU
		Release|Any CPU = Release|Any CPU
	EndGlobalSection
	GlobalSection(ProjectConfigurationPlatforms) = postSolution
		{AB6856D6-9682-4738-A3DD-05B94E153D9C}.Debug|Any CPU.ActiveCfg = Debug|Any CPU
		{AB6856D6-9682-4738-A3DD-05B94E153D9C}.Debug|Any CPU.Build.0 = Debug|Any CPU
		{AB6856D6-9682-4738-A3DD-05B94E153D9C}.Release|Any CPU.ActiveCfg = Release|Any CPU
		{AB6856D6-9682-4738-A3DD-05B94E153D9C}.Release|Any CPU.Build.0 = Release|Any CPU
		{F471ECA4-E08D-43F2-B229-D8CDCC60C569}.Debug|Any CPU.ActiveCfg = Debug|Any CPU
		{F471ECA4-E08D-43F2-B229-D8CDCC60C569}.Debug|Any CPU.Build.0 = Debug|Any CPU
		{F471ECA4-E08D-43F2-B229-D8CDCC60C569}.Release|Any CPU.ActiveCfg = Release|Any CPU
		{F471ECA4-E08D-43F2-B229-D8CDCC60C569}.Release|Any CPU.Build.0 = Release|Any CPU
		{94529524-C21D-4192-8231-1D959EBB529D}.Debug|Any CPU.ActiveCfg = Debug|Any CPU
		{94529524-C21D-4192-8231-1D959EBB529D}.Debug|Any CPU.Build.0 = Debug|Any CPU
		{94529524-C21D-4192-8231-1D959EBB529D}.Release|Any CPU.ActiveCfg = Release|Any CPU
		{94529524-C21D-4192-8231-1D959EBB529D}.Release|Any CPU.Build.0 = Release|Any CPU
		{7CE447D1-056B-4F09-BC52-414061B04A3E}.Debug|Any CPU.ActiveCfg = Debug|Any CPU
		{7CE447D1-056B-4F09-BC52-414061B04A3E}.Debug|Any CPU.Build.0 = Debug|Any CPU
		{7CE447D1-056B-4F09-BC52-414061B04A3E}.Release|Any CPU.ActiveCfg = Release|Any CPU
		{7CE447D1-056B-4F09-BC52-414061B04A3E}.Release|Any CPU.Build.0 = Release|Any CPU
	EndGlobalSection
	GlobalSection(SolutionProperties) = preSolution
		HideSolutionNode = FALSE
	EndGlobalSection
	GlobalSection(ExtensibilityGlobals) = postSolution
		SolutionGuid = {A5CF04E9-1E5C-47A0-83C1-3C3238A1BCDC}
	EndGlobalSection
EndGlobal
