
Microsoft Visual Studio Solution File, Format Version 12.00
# Visual Studio 15
VisualStudioVersion = 15.0.28010.2048
MinimumVisualStudioVersion = 10.0.40219.1
Project("{FAE04EC0-301F-11D3-BF4B-00C04F79EFBC}") = "WindowsService1", "WindowsService1\WindowsService1.csproj", "{2DCE98A8-39BB-43CE-B0DE-0C51CE40112F}"
EndProject
Global
	GlobalSection(SolutionConfigurationPlatforms) = preSolution
		Debug|Any CPU = Debug|Any CPU
		Release|Any CPU = Release|Any CPU
	EndGlobalSection
	GlobalSection(ProjectConfigurationPlatforms) = postSolution
		{2DCE98A8-39BB-43CE-B0DE-0C51CE40112F}.Debug|Any CPU.ActiveCfg = Debug|Any CPU
		{2DCE98A8-39BB-43CE-B0DE-0C51CE40112F}.Debug|Any CPU.Build.0 = Debug|Any CPU
		{2DCE98A8-39BB-43CE-B0DE-0C51CE40112F}.Release|Any CPU.ActiveCfg = Release|Any CPU
		{2DCE98A8-39BB-43CE-B0DE-0C51CE40112F}.Release|Any CPU.Build.0 = Release|Any CPU
	EndGlobalSection
	GlobalSection(SolutionProperties) = preSolution
		HideSolutionNode = FALSE
	EndGlobalSection
	GlobalSection(ExtensibilityGlobals) = postSolution
		SolutionGuid = {E9BB76F5-1640-4658-9D22-61F7ACFCC85B}
	EndGlobalSection
EndGlobal
