
Microsoft Visual Studio Solution File, Format Version 12.00
# Visual Studio 15
VisualStudioVersion = 15.0.28307.168
MinimumVisualStudioVersion = 10.0.40219.1
Project("{FAE04EC0-301F-11D3-BF4B-00C04F79EFBC}") = "WebApplication1", "WebApplication1\WebApplication1.csproj", "{EF1CBB42-5569-45D4-B8DC-9C2027E38DD5}"
	ProjectSection(ProjectDependencies) = postProject
		{84C1D024-BCE6-4F2C-9A8F-662CF36C414B} = {84C1D024-BCE6-4F2C-9A8F-662CF36C414B}
	EndProjectSection
EndProject
Project("{FAE04EC0-301F-11D3-BF4B-00C04F79EFBC}") = "WebApplication2", "WebApplication2\WebApplication2.csproj", "{A8F2702C-A311-4C45-82EF-FE89C402B2D7}"
EndProject
Project("{FAE04EC0-301F-11D3-BF4B-00C04F79EFBC}") = "WebApplication3", "WebApplication3\WebApplication3.csproj", "{84C1D024-BCE6-4F2C-9A8F-662CF36C414B}"
EndProject
Global
	GlobalSection(SolutionConfigurationPlatforms) = preSolution
		Debug|Any CPU = Debug|Any CPU
		Release|Any CPU = Release|Any CPU
	EndGlobalSection
	GlobalSection(ProjectConfigurationPlatforms) = postSolution
		{EF1CBB42-5569-45D4-B8DC-9C2027E38DD5}.Debug|Any CPU.ActiveCfg = Debug|Any CPU
		{EF1CBB42-5569-45D4-B8DC-9C2027E38DD5}.Debug|Any CPU.Build.0 = Debug|Any CPU
		{EF1CBB42-5569-45D4-B8DC-9C2027E38DD5}.Release|Any CPU.ActiveCfg = Release|Any CPU
		{EF1CBB42-5569-45D4-B8DC-9C2027E38DD5}.Release|Any CPU.Build.0 = Release|Any CPU
		{A8F2702C-A311-4C45-82EF-FE89C402B2D7}.Debug|Any CPU.ActiveCfg = Debug|Any CPU
		{A8F2702C-A311-4C45-82EF-FE89C402B2D7}.Debug|Any CPU.Build.0 = Debug|Any CPU
		{A8F2702C-A311-4C45-82EF-FE89C402B2D7}.Release|Any CPU.ActiveCfg = Release|Any CPU
		{A8F2702C-A311-4C45-82EF-FE89C402B2D7}.Release|Any CPU.Build.0 = Release|Any CPU
		{84C1D024-BCE6-4F2C-9A8F-662CF36C414B}.Debug|Any CPU.ActiveCfg = Debug|Any CPU
		{84C1D024-BCE6-4F2C-9A8F-662CF36C414B}.Debug|Any CPU.Build.0 = Debug|Any CPU
		{84C1D024-BCE6-4F2C-9A8F-662CF36C414B}.Release|Any CPU.ActiveCfg = Release|Any CPU
		{84C1D024-BCE6-4F2C-9A8F-662CF36C414B}.Release|Any CPU.Build.0 = Release|Any CPU
	EndGlobalSection
	GlobalSection(SolutionProperties) = preSolution
		HideSolutionNode = FALSE
	EndGlobalSection
	GlobalSection(ExtensibilityGlobals) = postSolution
		SolutionGuid = {06BCCF3B-9EF1-428E-809E-E4DB6B52CC26}
	EndGlobalSection
EndGlobal
