
Microsoft Visual Studio Solution File, Format Version 12.00
# Visual Studio 15
VisualStudioVersion = 15.0.28307.102
MinimumVisualStudioVersion = 10.0.40219.1
Project("{FAE04EC0-301F-11D3-BF4B-00C04F79EFBC}") = "WebCore", "WebCore\WebCore.csproj", "{B293C35F-F3C6-4E7A-B16A-B967CC18EFC4}"
EndProject
Project("{FAE04EC0-301F-11D3-BF4B-00C04F79EFBC}") = "Entity", "Entity\Entity.csproj", "{03FC1605-889A-4EAC-8C77-7332E0B78B0B}"
EndProject
Project("{FAE04EC0-301F-11D3-BF4B-00C04F79EFBC}") = "DAL", "DAL\DAL.csproj", "{AA3D8706-CB3B-4E2D-8C8E-89DC2881DA9C}"
EndProject
Project("{FAE04EC0-301F-11D3-BF4B-00C04F79EFBC}") = "BLL", "BLL\BLL.csproj", "{F05E2B45-7328-40D5-8689-0411A542FC08}"
EndProject
Project("{FAE04EC0-301F-11D3-BF4B-00C04F79EFBC}") = "IDAL", "IDAL\IDAL.csproj", "{BDD6C467-70C0-4607-A197-0C199759DA93}"
EndProject
Project("{FAE04EC0-301F-11D3-BF4B-00C04F79EFBC}") = "IBLL", "IBLL\IBLL.csproj", "{9EF1E1E0-0D77-4B67-9952-FC9096536973}"
EndProject
Project("{FAE04EC0-301F-11D3-BF4B-00C04F79EFBC}") = "WebApplication1", "WebApplication1\WebApplication1.csproj", "{2EDD2BAB-1D73-4998-BFBE-999171EF75BE}"
EndProject
Global
	GlobalSection(SolutionConfigurationPlatforms) = preSolution
		Debug|Any CPU = Debug|Any CPU
		Release|Any CPU = Release|Any CPU
	EndGlobalSection
	GlobalSection(ProjectConfigurationPlatforms) = postSolution
		{B293C35F-F3C6-4E7A-B16A-B967CC18EFC4}.Debug|Any CPU.ActiveCfg = Debug|Any CPU
		{B293C35F-F3C6-4E7A-B16A-B967CC18EFC4}.Debug|Any CPU.Build.0 = Debug|Any CPU
		{B293C35F-F3C6-4E7A-B16A-B967CC18EFC4}.Release|Any CPU.ActiveCfg = Release|Any CPU
		{B293C35F-F3C6-4E7A-B16A-B967CC18EFC4}.Release|Any CPU.Build.0 = Release|Any CPU
		{03FC1605-889A-4EAC-8C77-7332E0B78B0B}.Debug|Any CPU.ActiveCfg = Debug|Any CPU
		{03FC1605-889A-4EAC-8C77-7332E0B78B0B}.Debug|Any CPU.Build.0 = Debug|Any CPU
		{03FC1605-889A-4EAC-8C77-7332E0B78B0B}.Release|Any CPU.ActiveCfg = Release|Any CPU
		{03FC1605-889A-4EAC-8C77-7332E0B78B0B}.Release|Any CPU.Build.0 = Release|Any CPU
		{AA3D8706-CB3B-4E2D-8C8E-89DC2881DA9C}.Debug|Any CPU.ActiveCfg = Debug|Any CPU
		{AA3D8706-CB3B-4E2D-8C8E-89DC2881DA9C}.Debug|Any CPU.Build.0 = Debug|Any CPU
		{AA3D8706-CB3B-4E2D-8C8E-89DC2881DA9C}.Release|Any CPU.ActiveCfg = Release|Any CPU
		{AA3D8706-CB3B-4E2D-8C8E-89DC2881DA9C}.Release|Any CPU.Build.0 = Release|Any CPU
		{F05E2B45-7328-40D5-8689-0411A542FC08}.Debug|Any CPU.ActiveCfg = Debug|Any CPU
		{F05E2B45-7328-40D5-8689-0411A542FC08}.Debug|Any CPU.Build.0 = Debug|Any CPU
		{F05E2B45-7328-40D5-8689-0411A542FC08}.Release|Any CPU.ActiveCfg = Release|Any CPU
		{F05E2B45-7328-40D5-8689-0411A542FC08}.Release|Any CPU.Build.0 = Release|Any CPU
		{BDD6C467-70C0-4607-A197-0C199759DA93}.Debug|Any CPU.ActiveCfg = Debug|Any CPU
		{BDD6C467-70C0-4607-A197-0C199759DA93}.Debug|Any CPU.Build.0 = Debug|Any CPU
		{BDD6C467-70C0-4607-A197-0C199759DA93}.Release|Any CPU.ActiveCfg = Release|Any CPU
		{BDD6C467-70C0-4607-A197-0C199759DA93}.Release|Any CPU.Build.0 = Release|Any CPU
		{9EF1E1E0-0D77-4B67-9952-FC9096536973}.Debug|Any CPU.ActiveCfg = Debug|Any CPU
		{9EF1E1E0-0D77-4B67-9952-FC9096536973}.Debug|Any CPU.Build.0 = Debug|Any CPU
		{9EF1E1E0-0D77-4B67-9952-FC9096536973}.Release|Any CPU.ActiveCfg = Release|Any CPU
		{9EF1E1E0-0D77-4B67-9952-FC9096536973}.Release|Any CPU.Build.0 = Release|Any CPU
		{2EDD2BAB-1D73-4998-BFBE-999171EF75BE}.Debug|Any CPU.ActiveCfg = Debug|Any CPU
		{2EDD2BAB-1D73-4998-BFBE-999171EF75BE}.Debug|Any CPU.Build.0 = Debug|Any CPU
		{2EDD2BAB-1D73-4998-BFBE-999171EF75BE}.Release|Any CPU.ActiveCfg = Release|Any CPU
		{2EDD2BAB-1D73-4998-BFBE-999171EF75BE}.Release|Any CPU.Build.0 = Release|Any CPU
	EndGlobalSection
	GlobalSection(SolutionProperties) = preSolution
		HideSolutionNode = FALSE
	EndGlobalSection
	GlobalSection(ExtensibilityGlobals) = postSolution
		SolutionGuid = {963847F4-EA6D-4179-BBB9-8CD164D91BFC}
	EndGlobalSection
EndGlobal
