
Microsoft Visual Studio Solution File, Format Version 12.00
# Visual Studio Version 16
VisualStudioVersion = 16.0.28729.10
MinimumVisualStudioVersion = 10.0.40219.1
Project("{FAE04EC0-301F-11D3-BF4B-00C04F79EFBC}") = "Test01", "Test01\Test01.csproj", "{E318B78A-5B2C-41DC-9D72-9DB39E0D5FE1}"
EndProject
Global
	GlobalSection(SolutionConfigurationPlatforms) = preSolution
		Debug|Any CPU = Debug|Any CPU
		Release|Any CPU = Release|Any CPU
	EndGlobalSection
	GlobalSection(ProjectConfigurationPlatforms) = postSolution
		{E318B78A-5B2C-41DC-9D72-9DB39E0D5FE1}.Debug|Any CPU.ActiveCfg = Debug|Any CPU
		{E318B78A-5B2C-41DC-9D72-9DB39E0D5FE1}.Debug|Any CPU.Build.0 = Debug|Any CPU
		{E318B78A-5B2C-41DC-9D72-9DB39E0D5FE1}.Release|Any CPU.ActiveCfg = Release|Any CPU
		{E318B78A-5B2C-41DC-9D72-9DB39E0D5FE1}.Release|Any CPU.Build.0 = Release|Any CPU
	EndGlobalSection
	GlobalSection(SolutionProperties) = preSolution
		HideSolutionNode = FALSE
	EndGlobalSection
	GlobalSection(ExtensibilityGlobals) = postSolution
		SolutionGuid = {62CF24B2-BCF6-4400-8076-5B4B2AB22AC9}
	EndGlobalSection
EndGlobal
