
Microsoft Visual Studio Solution File, Format Version 12.00
# Visual Studio Version 16
VisualStudioVersion = 16.0.28803.202
MinimumVisualStudioVersion = 10.0.40219.1
Project("{9A19103F-16F7-4668-BE54-9A1E7A4F7556}") = "Web", "Web\Web.csproj", "{8BAF2CF7-28A6-4141-8C83-EE29267EF11B}"
EndProject
Project("{9A19103F-16F7-4668-BE54-9A1E7A4F7556}") = "Service", "Service\Service.csproj", "{6B905C80-9471-4917-A427-700629DDBCE4}"
EndProject
Project("{FAE04EC0-301F-11D3-BF4B-00C04F79EFBC}") = "WebApi", "WebApi\WebApi.csproj", "{C095E5A8-6F24-4ADB-8AD8-5AD08708DEF6}"
EndProject
Project("{FAE04EC0-301F-11D3-BF4B-00C04F79EFBC}") = "WebApplication1", "WebApplication1\WebApplication1.csproj", "{E95300D2-9BEE-4B56-B460-6D988ABD1748}"
EndProject
Global
	GlobalSection(SolutionConfigurationPlatforms) = preSolution
		Debug|Any CPU = Debug|Any CPU
		Release|Any CPU = Release|Any CPU
	EndGlobalSection
	GlobalSection(ProjectConfigurationPlatforms) = postSolution
		{8BAF2CF7-28A6-4141-8C83-EE29267EF11B}.Debug|Any CPU.ActiveCfg = Debug|Any CPU
		{8BAF2CF7-28A6-4141-8C83-EE29267EF11B}.Debug|Any CPU.Build.0 = Debug|Any CPU
		{8BAF2CF7-28A6-4141-8C83-EE29267EF11B}.Release|Any CPU.ActiveCfg = Release|Any CPU
		{8BAF2CF7-28A6-4141-8C83-EE29267EF11B}.Release|Any CPU.Build.0 = Release|Any CPU
		{6B905C80-9471-4917-A427-700629DDBCE4}.Debug|Any CPU.ActiveCfg = Debug|Any CPU
		{6B905C80-9471-4917-A427-700629DDBCE4}.Debug|Any CPU.Build.0 = Debug|Any CPU
		{6B905C80-9471-4917-A427-700629DDBCE4}.Release|Any CPU.ActiveCfg = Release|Any CPU
		{6B905C80-9471-4917-A427-700629DDBCE4}.Release|Any CPU.Build.0 = Release|Any CPU
		{C095E5A8-6F24-4ADB-8AD8-5AD08708DEF6}.Debug|Any CPU.ActiveCfg = Debug|Any CPU
		{C095E5A8-6F24-4ADB-8AD8-5AD08708DEF6}.Debug|Any CPU.Build.0 = Debug|Any CPU
		{C095E5A8-6F24-4ADB-8AD8-5AD08708DEF6}.Release|Any CPU.ActiveCfg = Release|Any CPU
		{C095E5A8-6F24-4ADB-8AD8-5AD08708DEF6}.Release|Any CPU.Build.0 = Release|Any CPU
		{E95300D2-9BEE-4B56-B460-6D988ABD1748}.Debug|Any CPU.ActiveCfg = Debug|Any CPU
		{E95300D2-9BEE-4B56-B460-6D988ABD1748}.Debug|Any CPU.Build.0 = Debug|Any CPU
		{E95300D2-9BEE-4B56-B460-6D988ABD1748}.Release|Any CPU.ActiveCfg = Release|Any CPU
		{E95300D2-9BEE-4B56-B460-6D988ABD1748}.Release|Any CPU.Build.0 = Release|Any CPU
	EndGlobalSection
	GlobalSection(SolutionProperties) = preSolution
		HideSolutionNode = FALSE
	EndGlobalSection
	GlobalSection(ExtensibilityGlobals) = postSolution
		SolutionGuid = {4C1E079D-D4C8-4B9B-BC64-4C0F030B4C87}
	EndGlobalSection
EndGlobal
