
Microsoft Visual Studio Solution File, Format Version 12.00
# Visual Studio Version 16
VisualStudioVersion = 16.0.28803.202
MinimumVisualStudioVersion = 10.0.40219.1
Project("{FAE04EC0-301F-11D3-BF4B-00C04F79EFBC}") = "BYRotativa.AspNetCore", "BYRotativa.AspNetCore\BYRotativa.AspNetCore.csproj", "{665FBE2A-5E12-4E95-A434-58055DE51619}"
EndProject
Global
	GlobalSection(SolutionConfigurationPlatforms) = preSolution
		Debug|Any CPU = Debug|Any CPU
		Release|Any CPU = Release|Any CPU
	EndGlobalSection
	GlobalSection(ProjectConfigurationPlatforms) = postSolution
		{665FBE2A-5E12-4E95-A434-58055DE51619}.Debug|Any CPU.ActiveCfg = Debug|Any CPU
		{665FBE2A-5E12-4E95-A434-58055DE51619}.Debug|Any CPU.Build.0 = Debug|Any CPU
		{665FBE2A-5E12-4E95-A434-58055DE51619}.Release|Any CPU.ActiveCfg = Release|Any CPU
		{665FBE2A-5E12-4E95-A434-58055DE51619}.Release|Any CPU.Build.0 = Release|Any CPU
	EndGlobalSection
	GlobalSection(SolutionProperties) = preSolution
		HideSolutionNode = FALSE
	EndGlobalSection
	GlobalSection(ExtensibilityGlobals) = postSolution
		SolutionGuid = {B058F9C3-D1F2-46F4-ADE6-87F6886B348E}
	EndGlobalSection
EndGlobal
