
Microsoft Visual Studio Solution File, Format Version 12.00
# Visual Studio 15
VisualStudioVersion = 15.0.28307.421
MinimumVisualStudioVersion = 10.0.40219.1
Project("{FAE04EC0-301F-11D3-BF4B-00C04F79EFBC}") = "WebApplication1", "WebApplication1\WebApplication1.csproj", "{4B23FAF9-CBE2-485A-A299-55D6BBF7BF9B}"
EndProject
Global
	GlobalSection(SolutionConfigurationPlatforms) = preSolution
		Debug|Any CPU = Debug|Any CPU
		Release|Any CPU = Release|Any CPU
	EndGlobalSection
	GlobalSection(ProjectConfigurationPlatforms) = postSolution
		{4B23FAF9-CBE2-485A-A299-55D6BBF7BF9B}.Debug|Any CPU.ActiveCfg = Debug|Any CPU
		{4B23FAF9-CBE2-485A-A299-55D6BBF7BF9B}.Debug|Any CPU.Build.0 = Debug|Any CPU
		{4B23FAF9-CBE2-485A-A299-55D6BBF7BF9B}.Release|Any CPU.ActiveCfg = Release|Any CPU
		{4B23FAF9-CBE2-485A-A299-55D6BBF7BF9B}.Release|Any CPU.Build.0 = Release|Any CPU
	EndGlobalSection
	GlobalSection(SolutionProperties) = preSolution
		HideSolutionNode = FALSE
	EndGlobalSection
	GlobalSection(ExtensibilityGlobals) = postSolution
		SolutionGuid = {351B6553-C3FB-4942-A53A-B366D66A6B89}
	EndGlobalSection
EndGlobal
