
Microsoft Visual Studio Solution File, Format Version 12.00
# Visual Studio 15
VisualStudioVersion = 15.0.28010.2048
MinimumVisualStudioVersion = 10.0.40219.1
Project("{FAE04EC0-301F-11D3-BF4B-00C04F79EFBC}") = "DAL", "DAL\DAL.csproj", "{90C1EE03-8404-4B73-935A-676B5E026883}"
EndProject
Project("{FAE04EC0-301F-11D3-BF4B-00C04F79EFBC}") = "Entity", "Entity\Entity.csproj", "{FB8D35D5-78B2-499C-A0E8-10FCCCFCBDBB}"
EndProject
Project("{FAE04EC0-301F-11D3-BF4B-00C04F79EFBC}") = "WebApplication1", "WebApplication1\WebApplication1.csproj", "{4F7733C9-51DF-4C49-9702-C6C08EF27C00}"
EndProject
Global
	GlobalSection(SolutionConfigurationPlatforms) = preSolution
		Debug|Any CPU = Debug|Any CPU
		Release|Any CPU = Release|Any CPU
	EndGlobalSection
	GlobalSection(ProjectConfigurationPlatforms) = postSolution
		{90C1EE03-8404-4B73-935A-676B5E026883}.Debug|Any CPU.ActiveCfg = Debug|Any CPU
		{90C1EE03-8404-4B73-935A-676B5E026883}.Debug|Any CPU.Build.0 = Debug|Any CPU
		{90C1EE03-8404-4B73-935A-676B5E026883}.Release|Any CPU.ActiveCfg = Release|Any CPU
		{90C1EE03-8404-4B73-935A-676B5E026883}.Release|Any CPU.Build.0 = Release|Any CPU
		{FB8D35D5-78B2-499C-A0E8-10FCCCFCBDBB}.Debug|Any CPU.ActiveCfg = Debug|Any CPU
		{FB8D35D5-78B2-499C-A0E8-10FCCCFCBDBB}.Debug|Any CPU.Build.0 = Debug|Any CPU
		{FB8D35D5-78B2-499C-A0E8-10FCCCFCBDBB}.Release|Any CPU.ActiveCfg = Release|Any CPU
		{FB8D35D5-78B2-499C-A0E8-10FCCCFCBDBB}.Release|Any CPU.Build.0 = Release|Any CPU
		{4F7733C9-51DF-4C49-9702-C6C08EF27C00}.Debug|Any CPU.ActiveCfg = Debug|Any CPU
		{4F7733C9-51DF-4C49-9702-C6C08EF27C00}.Debug|Any CPU.Build.0 = Debug|Any CPU
		{4F7733C9-51DF-4C49-9702-C6C08EF27C00}.Release|Any CPU.ActiveCfg = Release|Any CPU
		{4F7733C9-51DF-4C49-9702-C6C08EF27C00}.Release|Any CPU.Build.0 = Release|Any CPU
	EndGlobalSection
	GlobalSection(SolutionProperties) = preSolution
		HideSolutionNode = FALSE
	EndGlobalSection
	GlobalSection(ExtensibilityGlobals) = postSolution
		SolutionGuid = {B2E09C2A-4454-4214-9EBD-9202B2E1D946}
	EndGlobalSection
EndGlobal
