
Microsoft Visual Studio Solution File, Format Version 12.00
# Visual Studio 15
VisualStudioVersion = 15.0.28010.2048
MinimumVisualStudioVersion = 10.0.40219.1
Project("{FAE04EC0-301F-11D3-BF4B-00C04F79EFBC}") = "UnityDemo", "ConsoleApp1\UnityDemo.csproj", "{9B233B7D-6D39-4C11-8EDF-8DBC66452587}"
EndProject
Global
	GlobalSection(SolutionConfigurationPlatforms) = preSolution
		Debug|Any CPU = Debug|Any CPU
		Release|Any CPU = Release|Any CPU
	EndGlobalSection
	GlobalSection(ProjectConfigurationPlatforms) = postSolution
		{9B233B7D-6D39-4C11-8EDF-8DBC66452587}.Debug|Any CPU.ActiveCfg = Debug|Any CPU
		{9B233B7D-6D39-4C11-8EDF-8DBC66452587}.Debug|Any CPU.Build.0 = Debug|Any CPU
		{9B233B7D-6D39-4C11-8EDF-8DBC66452587}.Release|Any CPU.ActiveCfg = Release|Any CPU
		{9B233B7D-6D39-4C11-8EDF-8DBC66452587}.Release|Any CPU.Build.0 = Release|Any CPU
	EndGlobalSection
	GlobalSection(SolutionProperties) = preSolution
		HideSolutionNode = FALSE
	EndGlobalSection
	GlobalSection(ExtensibilityGlobals) = postSolution
		SolutionGuid = {8398362F-1D6C-458F-80B7-D49013BB6EB0}
	EndGlobalSection
EndGlobal
