
Microsoft Visual Studio Solution File, Format Version 12.00
# Visual Studio Version 16
VisualStudioVersion = 16.0.28803.202
MinimumVisualStudioVersion = 10.0.40219.1
Project("{FAE04EC0-301F-11D3-BF4B-00C04F79EFBC}") = "WindowsFormsApp1", "WindowsFormsApp1\WindowsFormsApp1.csproj", "{ACFF25F4-FF2A-4C6C-8D48-A20C327478DB}"
EndProject
Project("{FAE04EC0-301F-11D3-BF4B-00C04F79EFBC}") = "WindowsFormsApp3", "WindowsFormsApp3\WindowsFormsApp3.csproj", "{92952B71-786E-4387-8CCF-79D5DBAC08DB}"
EndProject
Global
	GlobalSection(SolutionConfigurationPlatforms) = preSolution
		Debug|Any CPU = Debug|Any CPU
		Release|Any CPU = Release|Any CPU
	EndGlobalSection
	GlobalSection(ProjectConfigurationPlatforms) = postSolution
		{ACFF25F4-FF2A-4C6C-8D48-A20C327478DB}.Debug|Any CPU.ActiveCfg = Debug|Any CPU
		{ACFF25F4-FF2A-4C6C-8D48-A20C327478DB}.Debug|Any CPU.Build.0 = Debug|Any CPU
		{ACFF25F4-FF2A-4C6C-8D48-A20C327478DB}.Release|Any CPU.ActiveCfg = Release|Any CPU
		{ACFF25F4-FF2A-4C6C-8D48-A20C327478DB}.Release|Any CPU.Build.0 = Release|Any CPU
		{92952B71-786E-4387-8CCF-79D5DBAC08DB}.Debug|Any CPU.ActiveCfg = Debug|Any CPU
		{92952B71-786E-4387-8CCF-79D5DBAC08DB}.Debug|Any CPU.Build.0 = Debug|Any CPU
		{92952B71-786E-4387-8CCF-79D5DBAC08DB}.Release|Any CPU.ActiveCfg = Release|Any CPU
		{92952B71-786E-4387-8CCF-79D5DBAC08DB}.Release|Any CPU.Build.0 = Release|Any CPU
	EndGlobalSection
	GlobalSection(SolutionProperties) = preSolution
		HideSolutionNode = FALSE
	EndGlobalSection
	GlobalSection(ExtensibilityGlobals) = postSolution
		SolutionGuid = {7797C48C-EDD1-4DC6-AFB0-01EBCA910109}
	EndGlobalSection
EndGlobal
