
Microsoft Visual Studio Solution File, Format Version 12.00
# Visual Studio 15
VisualStudioVersion = 15.0.28307.421
MinimumVisualStudioVersion = 10.0.40219.1
Project("{2150E333-8FDC-42A3-9474-1A3956D46DE8}") = "DoNet", "DoNet", "{1842B608-1C5D-40A4-9F09-27A547E726D7}"
EndProject
Project("{2150E333-8FDC-42A3-9474-1A3956D46DE8}") = "DoNetCore", "DoNetCore", "{B51EF7B4-34ED-48BF-BA9F-4E16B48D7039}"
EndProject
Project("{2150E333-8FDC-42A3-9474-1A3956D46DE8}") = "Lib", "Lib", "{A7066D13-D115-4B42-A971-C383DE820A44}"
EndProject
Project("{2150E333-8FDC-42A3-9474-1A3956D46DE8}") = "Framework", "Framework", "{1D6A357F-4215-4DE2-A37C-31D6EB93CC41}"
EndProject
Project("{2150E333-8FDC-42A3-9474-1A3956D46DE8}") = "App", "App", "{5417180F-D181-43A3-9279-A58FD085F8C1}"
EndProject
Project("{FAE04EC0-301F-11D3-BF4B-00C04F79EFBC}") = "DoNet.Entity", "DoNet.Entity\DoNet.Entity.csproj", "{D622BD9C-9A10-439A-A234-ADE3C28A0715}"
EndProject
Project("{FAE04EC0-301F-11D3-BF4B-00C04F79EFBC}") = "DoNet.Service", "DoNet.Service\DoNet.Service.csproj", "{77957428-032E-4464-973C-B265603D26ED}"
EndProject
Project("{FAE04EC0-301F-11D3-BF4B-00C04F79EFBC}") = "DoNet.WebForm", "DoNet.WebForm\DoNet.WebForm.csproj", "{8DDC57CA-6AE4-48F6-9FB9-76FCB141E3AB}"
EndProject
Project("{FAE04EC0-301F-11D3-BF4B-00C04F79EFBC}") = "DoNet.Mvc", "DoNet.Mvc\DoNet.Mvc.csproj", "{FF9D20D3-0521-4114-8C9D-378FAFFAD2D0}"
EndProject
Project("{FAE04EC0-301F-11D3-BF4B-00C04F79EFBC}") = "DoNet.WebApi", "DoNet.WebApi\DoNet.WebApi.csproj", "{EE8A3687-1F2D-447D-84AD-D7C879577C53}"
EndProject
Project("{FAE04EC0-301F-11D3-BF4B-00C04F79EFBC}") = "DoNet.WinForm", "DoNet.WinForm\DoNet.WinForm.csproj", "{60A5844D-F87C-4EF3-856B-B541340510CB}"
EndProject
Project("{FAE04EC0-301F-11D3-BF4B-00C04F79EFBC}") = "DoNet.Common", "DoNet.Common\DoNet.Common.csproj", "{17A3D06E-AAD6-4D27-9B8F-565BEDB7445B}"
EndProject
Project("{2150E333-8FDC-42A3-9474-1A3956D46DE8}") = "App", "App", "{BCA6D3FD-E525-4E6E-9F01-BE289E4258F4}"
EndProject
Project("{2150E333-8FDC-42A3-9474-1A3956D46DE8}") = "Framework", "Framework", "{5FC695BC-FBB2-4A5D-994D-86A8D656FC91}"
EndProject
Project("{2150E333-8FDC-42A3-9474-1A3956D46DE8}") = "Lib", "Lib", "{2ACC1D3E-2EBB-4639-B39A-15F8A1085D0D}"
EndProject
Global
	GlobalSection(SolutionConfigurationPlatforms) = preSolution
		Debug|Any CPU = Debug|Any CPU
		Release|Any CPU = Release|Any CPU
	EndGlobalSection
	GlobalSection(ProjectConfigurationPlatforms) = postSolution
		{D622BD9C-9A10-439A-A234-ADE3C28A0715}.Debug|Any CPU.ActiveCfg = Debug|Any CPU
		{D622BD9C-9A10-439A-A234-ADE3C28A0715}.Debug|Any CPU.Build.0 = Debug|Any CPU
		{D622BD9C-9A10-439A-A234-ADE3C28A0715}.Release|Any CPU.ActiveCfg = Release|Any CPU
		{D622BD9C-9A10-439A-A234-ADE3C28A0715}.Release|Any CPU.Build.0 = Release|Any CPU
		{77957428-032E-4464-973C-B265603D26ED}.Debug|Any CPU.ActiveCfg = Debug|Any CPU
		{77957428-032E-4464-973C-B265603D26ED}.Debug|Any CPU.Build.0 = Debug|Any CPU
		{77957428-032E-4464-973C-B265603D26ED}.Release|Any CPU.ActiveCfg = Release|Any CPU
		{77957428-032E-4464-973C-B265603D26ED}.Release|Any CPU.Build.0 = Release|Any CPU
		{8DDC57CA-6AE4-48F6-9FB9-76FCB141E3AB}.Debug|Any CPU.ActiveCfg = Debug|Any CPU
		{8DDC57CA-6AE4-48F6-9FB9-76FCB141E3AB}.Debug|Any CPU.Build.0 = Debug|Any CPU
		{8DDC57CA-6AE4-48F6-9FB9-76FCB141E3AB}.Release|Any CPU.ActiveCfg = Release|Any CPU
		{8DDC57CA-6AE4-48F6-9FB9-76FCB141E3AB}.Release|Any CPU.Build.0 = Release|Any CPU
		{FF9D20D3-0521-4114-8C9D-378FAFFAD2D0}.Debug|Any CPU.ActiveCfg = Debug|Any CPU
		{FF9D20D3-0521-4114-8C9D-378FAFFAD2D0}.Debug|Any CPU.Build.0 = Debug|Any CPU
		{FF9D20D3-0521-4114-8C9D-378FAFFAD2D0}.Release|Any CPU.ActiveCfg = Release|Any CPU
		{FF9D20D3-0521-4114-8C9D-378FAFFAD2D0}.Release|Any CPU.Build.0 = Release|Any CPU
		{EE8A3687-1F2D-447D-84AD-D7C879577C53}.Debug|Any CPU.ActiveCfg = Debug|Any CPU
		{EE8A3687-1F2D-447D-84AD-D7C879577C53}.Debug|Any CPU.Build.0 = Debug|Any CPU
		{EE8A3687-1F2D-447D-84AD-D7C879577C53}.Release|Any CPU.ActiveCfg = Release|Any CPU
		{EE8A3687-1F2D-447D-84AD-D7C879577C53}.Release|Any CPU.Build.0 = Release|Any CPU
		{60A5844D-F87C-4EF3-856B-B541340510CB}.Debug|Any CPU.ActiveCfg = Debug|Any CPU
		{60A5844D-F87C-4EF3-856B-B541340510CB}.Debug|Any CPU.Build.0 = Debug|Any CPU
		{60A5844D-F87C-4EF3-856B-B541340510CB}.Release|Any CPU.ActiveCfg = Release|Any CPU
		{60A5844D-F87C-4EF3-856B-B541340510CB}.Release|Any CPU.Build.0 = Release|Any CPU
		{17A3D06E-AAD6-4D27-9B8F-565BEDB7445B}.Debug|Any CPU.ActiveCfg = Debug|Any CPU
		{17A3D06E-AAD6-4D27-9B8F-565BEDB7445B}.Debug|Any CPU.Build.0 = Debug|Any CPU
		{17A3D06E-AAD6-4D27-9B8F-565BEDB7445B}.Release|Any CPU.ActiveCfg = Release|Any CPU
		{17A3D06E-AAD6-4D27-9B8F-565BEDB7445B}.Release|Any CPU.Build.0 = Release|Any CPU
	EndGlobalSection
	GlobalSection(SolutionProperties) = preSolution
		HideSolutionNode = FALSE
	EndGlobalSection
	GlobalSection(NestedProjects) = preSolution
		{A7066D13-D115-4B42-A971-C383DE820A44} = {1842B608-1C5D-40A4-9F09-27A547E726D7}
		{1D6A357F-4215-4DE2-A37C-31D6EB93CC41} = {1842B608-1C5D-40A4-9F09-27A547E726D7}
		{5417180F-D181-43A3-9279-A58FD085F8C1} = {1842B608-1C5D-40A4-9F09-27A547E726D7}
		{D622BD9C-9A10-439A-A234-ADE3C28A0715} = {A7066D13-D115-4B42-A971-C383DE820A44}
		{77957428-032E-4464-973C-B265603D26ED} = {1D6A357F-4215-4DE2-A37C-31D6EB93CC41}
		{8DDC57CA-6AE4-48F6-9FB9-76FCB141E3AB} = {5417180F-D181-43A3-9279-A58FD085F8C1}
		{FF9D20D3-0521-4114-8C9D-378FAFFAD2D0} = {5417180F-D181-43A3-9279-A58FD085F8C1}
		{EE8A3687-1F2D-447D-84AD-D7C879577C53} = {1D6A357F-4215-4DE2-A37C-31D6EB93CC41}
		{60A5844D-F87C-4EF3-856B-B541340510CB} = {5417180F-D181-43A3-9279-A58FD085F8C1}
		{17A3D06E-AAD6-4D27-9B8F-565BEDB7445B} = {A7066D13-D115-4B42-A971-C383DE820A44}
		{BCA6D3FD-E525-4E6E-9F01-BE289E4258F4} = {B51EF7B4-34ED-48BF-BA9F-4E16B48D7039}
		{5FC695BC-FBB2-4A5D-994D-86A8D656FC91} = {B51EF7B4-34ED-48BF-BA9F-4E16B48D7039}
		{2ACC1D3E-2EBB-4639-B39A-15F8A1085D0D} = {B51EF7B4-34ED-48BF-BA9F-4E16B48D7039}
	EndGlobalSection
	GlobalSection(ExtensibilityGlobals) = postSolution
		SolutionGuid = {4B8CB8B4-91FD-473E-9882-5C5B2DA429F3}
	EndGlobalSection
EndGlobal
