
Microsoft Visual Studio Solution File, Format Version 12.00
# Visual Studio 15
VisualStudioVersion = 15.0.28307.421
MinimumVisualStudioVersion = 10.0.40219.1
Project("{FAE04EC0-301F-11D3-BF4B-00C04F79EFBC}") = "WindowsFormsApp1", "WindowsFormsApp1\WindowsFormsApp1.csproj", "{7A8EC5AD-ACA6-4FB6-8073-9AEFE57A4FE4}"
EndProject
Global
	GlobalSection(SolutionConfigurationPlatforms) = preSolution
		Debug|Any CPU = Debug|Any CPU
		Release|Any CPU = Release|Any CPU
	EndGlobalSection
	GlobalSection(ProjectConfigurationPlatforms) = postSolution
		{7A8EC5AD-ACA6-4FB6-8073-9AEFE57A4FE4}.Debug|Any CPU.ActiveCfg = Debug|Any CPU
		{7A8EC5AD-ACA6-4FB6-8073-9AEFE57A4FE4}.Debug|Any CPU.Build.0 = Debug|Any CPU
		{7A8EC5AD-ACA6-4FB6-8073-9AEFE57A4FE4}.Release|Any CPU.ActiveCfg = Release|Any CPU
		{7A8EC5AD-ACA6-4FB6-8073-9AEFE57A4FE4}.Release|Any CPU.Build.0 = Release|Any CPU
	EndGlobalSection
	GlobalSection(SolutionProperties) = preSolution
		HideSolutionNode = FALSE
	EndGlobalSection
	GlobalSection(ExtensibilityGlobals) = postSolution
		SolutionGuid = {A2CD52AB-861B-4793-893D-DF414382E252}
	EndGlobalSection
EndGlobal
