
Microsoft Visual Studio Solution File, Format Version 12.00
# Visual Studio 15
VisualStudioVersion = 15.0.28307.489
MinimumVisualStudioVersion = 10.0.40219.1
Project("{9A19103F-16F7-4668-BE54-9A1E7A4F7556}") = "QX_Core", "QX_Core\QX_Core.csproj", "{038A2163-DC0E-4ADA-9E2C-A008DDF08BB1}"
EndProject
Project("{9A19103F-16F7-4668-BE54-9A1E7A4F7556}") = "QX_Models", "QX_Models\QX_Models.csproj", "{81A842C9-D422-42D4-9F35-9EFFAC655A97}"
EndProject
Project("{9A19103F-16F7-4668-BE54-9A1E7A4F7556}") = "QX_Service", "QX_BLL\QX_Service.csproj", "{1B8AEDCE-9569-494E-98B9-219BE447DE1E}"
EndProject
Project("{9A19103F-16F7-4668-BE54-9A1E7A4F7556}") = "QX_IService", "QX_IBLL\QX_IService.csproj", "{9BB576FA-F95A-48E9-989F-B0CE76A04756}"
EndProject
Project("{9A19103F-16F7-4668-BE54-9A1E7A4F7556}") = "DataAccess", "DataAccess\DataAccess.csproj", "{52E59D5B-B3A0-4478-894F-1D45330CD756}"
EndProject
Project("{FAE04EC0-301F-11D3-BF4B-00C04F79EFBC}") = "QX_API", "QX_API\QX_API.csproj", "{19CF0240-491D-42ED-88EA-BCC2E8CFDCF4}"
EndProject
Global
	GlobalSection(SolutionConfigurationPlatforms) = preSolution
		Debug|Any CPU = Debug|Any CPU
		Release|Any CPU = Release|Any CPU
	EndGlobalSection
	GlobalSection(ProjectConfigurationPlatforms) = postSolution
		{038A2163-DC0E-4ADA-9E2C-A008DDF08BB1}.Debug|Any CPU.ActiveCfg = Debug|Any CPU
		{038A2163-DC0E-4ADA-9E2C-A008DDF08BB1}.Debug|Any CPU.Build.0 = Debug|Any CPU
		{038A2163-DC0E-4ADA-9E2C-A008DDF08BB1}.Release|Any CPU.ActiveCfg = Release|Any CPU
		{038A2163-DC0E-4ADA-9E2C-A008DDF08BB1}.Release|Any CPU.Build.0 = Release|Any CPU
		{81A842C9-D422-42D4-9F35-9EFFAC655A97}.Debug|Any CPU.ActiveCfg = Debug|Any CPU
		{81A842C9-D422-42D4-9F35-9EFFAC655A97}.Debug|Any CPU.Build.0 = Debug|Any CPU
		{81A842C9-D422-42D4-9F35-9EFFAC655A97}.Release|Any CPU.ActiveCfg = Release|Any CPU
		{81A842C9-D422-42D4-9F35-9EFFAC655A97}.Release|Any CPU.Build.0 = Release|Any CPU
		{1B8AEDCE-9569-494E-98B9-219BE447DE1E}.Debug|Any CPU.ActiveCfg = Debug|Any CPU
		{1B8AEDCE-9569-494E-98B9-219BE447DE1E}.Debug|Any CPU.Build.0 = Debug|Any CPU
		{1B8AEDCE-9569-494E-98B9-219BE447DE1E}.Release|Any CPU.ActiveCfg = Release|Any CPU
		{1B8AEDCE-9569-494E-98B9-219BE447DE1E}.Release|Any CPU.Build.0 = Release|Any CPU
		{9BB576FA-F95A-48E9-989F-B0CE76A04756}.Debug|Any CPU.ActiveCfg = Debug|Any CPU
		{9BB576FA-F95A-48E9-989F-B0CE76A04756}.Debug|Any CPU.Build.0 = Debug|Any CPU
		{9BB576FA-F95A-48E9-989F-B0CE76A04756}.Release|Any CPU.ActiveCfg = Release|Any CPU
		{9BB576FA-F95A-48E9-989F-B0CE76A04756}.Release|Any CPU.Build.0 = Release|Any CPU
		{52E59D5B-B3A0-4478-894F-1D45330CD756}.Debug|Any CPU.ActiveCfg = Debug|Any CPU
		{52E59D5B-B3A0-4478-894F-1D45330CD756}.Debug|Any CPU.Build.0 = Debug|Any CPU
		{52E59D5B-B3A0-4478-894F-1D45330CD756}.Release|Any CPU.ActiveCfg = Release|Any CPU
		{52E59D5B-B3A0-4478-894F-1D45330CD756}.Release|Any CPU.Build.0 = Release|Any CPU
		{19CF0240-491D-42ED-88EA-BCC2E8CFDCF4}.Debug|Any CPU.ActiveCfg = Debug|Any CPU
		{19CF0240-491D-42ED-88EA-BCC2E8CFDCF4}.Debug|Any CPU.Build.0 = Debug|Any CPU
		{19CF0240-491D-42ED-88EA-BCC2E8CFDCF4}.Release|Any CPU.ActiveCfg = Release|Any CPU
		{19CF0240-491D-42ED-88EA-BCC2E8CFDCF4}.Release|Any CPU.Build.0 = Release|Any CPU
	EndGlobalSection
	GlobalSection(SolutionProperties) = preSolution
		HideSolutionNode = FALSE
	EndGlobalSection
	GlobalSection(ExtensibilityGlobals) = postSolution
		SolutionGuid = {707AEE7A-1622-47BC-9EB5-9E7646891DD5}
	EndGlobalSection
EndGlobal
