
Microsoft Visual Studio Solution File, Format Version 12.00
# Visual Studio 15
VisualStudioVersion = 15.0.28010.2048
MinimumVisualStudioVersion = 10.0.40219.1
Project("{FAE04EC0-301F-11D3-BF4B-00C04F79EFBC}") = "WebApplication1", "WebApplication1\WebApplication1.csproj", "{21E0052E-12F3-4684-94AF-684580E44A07}"
EndProject
Global
	GlobalSection(SolutionConfigurationPlatforms) = preSolution
		Debug|Any CPU = Debug|Any CPU
		Release|Any CPU = Release|Any CPU
	EndGlobalSection
	GlobalSection(ProjectConfigurationPlatforms) = postSolution
		{21E0052E-12F3-4684-94AF-684580E44A07}.Debug|Any CPU.ActiveCfg = Debug|Any CPU
		{21E0052E-12F3-4684-94AF-684580E44A07}.Debug|Any CPU.Build.0 = Debug|Any CPU
		{21E0052E-12F3-4684-94AF-684580E44A07}.Release|Any CPU.ActiveCfg = Release|Any CPU
		{21E0052E-12F3-4684-94AF-684580E44A07}.Release|Any CPU.Build.0 = Release|Any CPU
	EndGlobalSection
	GlobalSection(SolutionProperties) = preSolution
		HideSolutionNode = FALSE
	EndGlobalSection
	GlobalSection(ExtensibilityGlobals) = postSolution
		SolutionGuid = {6BF5D1DB-66A3-4383-828A-220418B9F419}
	EndGlobalSection
EndGlobal
