{
  "name": "nodejs-web-app1",
  "version": "0.0.0",
  "lockfileVersion": 1,
  "requires": true,
  "dependencies": {
    "@types/node": {
      "version": "8.10.48",
      "resolved": "https://registry.npm.taobao.org/@types/node/download/@types/node-8.10.48.tgz",
      "integrity": "sha1-44UHNWFkOpumGZoZhf/ANTD5B4E=",
      "dev": true
    }
  }
}
