
Microsoft Visual Studio Solution File, Format Version 12.00
# Visual Studio Version 16
VisualStudioVersion = 16.0.28803.202
MinimumVisualStudioVersion = 10.0.40219.1
Project("{9092AA53-FB77-4645-B42D-1CCCA6BD08BD}") = "NodejsWebApp1", "NodejsWebApp1\NodejsWebApp1.njsproj", "{242E6932-14B6-4D1A-8B1C-6B6AD6B489D2}"
EndProject
Global
	GlobalSection(SolutionConfigurationPlatforms) = preSolution
		Debug|Any CPU = Debug|Any CPU
		Release|Any CPU = Release|Any CPU
	EndGlobalSection
	GlobalSection(ProjectConfigurationPlatforms) = postSolution
		{242E6932-14B6-4D1A-8B1C-6B6AD6B489D2}.Debug|Any CPU.ActiveCfg = Debug|Any CPU
		{242E6932-14B6-4D1A-8B1C-6B6AD6B489D2}.Debug|Any CPU.Build.0 = Debug|Any CPU
		{242E6932-14B6-4D1A-8B1C-6B6AD6B489D2}.Release|Any CPU.ActiveCfg = Release|Any CPU
		{242E6932-14B6-4D1A-8B1C-6B6AD6B489D2}.Release|Any CPU.Build.0 = Release|Any CPU
	EndGlobalSection
	GlobalSection(SolutionProperties) = preSolution
		HideSolutionNode = FALSE
	EndGlobalSection
	GlobalSection(ExtensibilityGlobals) = postSolution
		SolutionGuid = {038EFA36-1E83-46BD-A4C5-786AE25C64A9}
	EndGlobalSection
EndGlobal
