
Microsoft Visual Studio Solution File, Format Version 12.00
# Visual Studio 15
VisualStudioVersion = 15.0.28307.421
MinimumVisualStudioVersion = 10.0.40219.1
Project("{FAE04EC0-301F-11D3-BF4B-00C04F79EFBC}") = "IdentityS4", "IdentityS4\IdentityS4.csproj", "{C401C41A-4337-432A-AAF3-09E22C0C33D4}"
EndProject
Project("{FAE04EC0-301F-11D3-BF4B-00C04F79EFBC}") = "MvcClient", "MvcClient\MvcClient.csproj", "{408C76C8-85FB-45F1-980B-66FE436B4B78}"
EndProject
Project("{FAE04EC0-301F-11D3-BF4B-00C04F79EFBC}") = "MvcClient2", "MvcClient2\MvcClient2.csproj", "{68C0824D-C224-4EDC-A6BC-2D5A926475EA}"
EndProject
Global
	GlobalSection(SolutionConfigurationPlatforms) = preSolution
		Debug|Any CPU = Debug|Any CPU
		Release|Any CPU = Release|Any CPU
	EndGlobalSection
	GlobalSection(ProjectConfigurationPlatforms) = postSolution
		{C401C41A-4337-432A-AAF3-09E22C0C33D4}.Debug|Any CPU.ActiveCfg = Debug|Any CPU
		{C401C41A-4337-432A-AAF3-09E22C0C33D4}.Debug|Any CPU.Build.0 = Debug|Any CPU
		{C401C41A-4337-432A-AAF3-09E22C0C33D4}.Release|Any CPU.ActiveCfg = Release|Any CPU
		{C401C41A-4337-432A-AAF3-09E22C0C33D4}.Release|Any CPU.Build.0 = Release|Any CPU
		{408C76C8-85FB-45F1-980B-66FE436B4B78}.Debug|Any CPU.ActiveCfg = Debug|Any CPU
		{408C76C8-85FB-45F1-980B-66FE436B4B78}.Debug|Any CPU.Build.0 = Debug|Any CPU
		{408C76C8-85FB-45F1-980B-66FE436B4B78}.Release|Any CPU.ActiveCfg = Release|Any CPU
		{408C76C8-85FB-45F1-980B-66FE436B4B78}.Release|Any CPU.Build.0 = Release|Any CPU
		{68C0824D-C224-4EDC-A6BC-2D5A926475EA}.Debug|Any CPU.ActiveCfg = Debug|Any CPU
		{68C0824D-C224-4EDC-A6BC-2D5A926475EA}.Debug|Any CPU.Build.0 = Debug|Any CPU
		{68C0824D-C224-4EDC-A6BC-2D5A926475EA}.Release|Any CPU.ActiveCfg = Release|Any CPU
		{68C0824D-C224-4EDC-A6BC-2D5A926475EA}.Release|Any CPU.Build.0 = Release|Any CPU
	EndGlobalSection
	GlobalSection(SolutionProperties) = preSolution
		HideSolutionNode = FALSE
	EndGlobalSection
	GlobalSection(ExtensibilityGlobals) = postSolution
		SolutionGuid = {3A52FB8B-CC6A-4738-90EB-2EDCDEF6377A}
	EndGlobalSection
EndGlobal
