
Microsoft Visual Studio Solution File, Format Version 12.00
# Visual Studio 15
VisualStudioVersion = 15.0.28307.421
MinimumVisualStudioVersion = 10.0.40219.1
Project("{FAE04EC0-301F-11D3-BF4B-00C04F79EFBC}") = "WebSocket.Net", "WebSocket.Net\WebSocket.Net.csproj", "{19FE628E-E18E-403C-B21F-C95E043957EE}"
EndProject
Project("{FAE04EC0-301F-11D3-BF4B-00C04F79EFBC}") = "ConsoleApp1", "ConsoleApp1\ConsoleApp1.csproj", "{58B54BB7-F4F6-493A-9AF8-6945E0739E9C}"
EndProject
Project("{2150E333-8FDC-42A3-9474-1A3956D46DE8}") = "WebSocket", "WebSocket", "{E8FA46F0-40A3-459E-BD9C-6B85C150E32C}"
EndProject
Project("{FAE04EC0-301F-11D3-BF4B-00C04F79EFBC}") = "WebApplication1", "WebApplication1\WebApplication1.csproj", "{BCDAF299-D526-4890-AC0A-91E6E9004CFE}"
EndProject
Project("{FAE04EC0-301F-11D3-BF4B-00C04F79EFBC}") = "ConsoleApp2", "ConsoleApp2\ConsoleApp2.csproj", "{3ED9AEA7-137A-4FAE-97D3-3AA1BB465AD6}"
EndProject
Global
	GlobalSection(SolutionConfigurationPlatforms) = preSolution
		Debug|Any CPU = Debug|Any CPU
		Release|Any CPU = Release|Any CPU
	EndGlobalSection
	GlobalSection(ProjectConfigurationPlatforms) = postSolution
		{19FE628E-E18E-403C-B21F-C95E043957EE}.Debug|Any CPU.ActiveCfg = Debug|Any CPU
		{19FE628E-E18E-403C-B21F-C95E043957EE}.Debug|Any CPU.Build.0 = Debug|Any CPU
		{19FE628E-E18E-403C-B21F-C95E043957EE}.Release|Any CPU.ActiveCfg = Release|Any CPU
		{19FE628E-E18E-403C-B21F-C95E043957EE}.Release|Any CPU.Build.0 = Release|Any CPU
		{58B54BB7-F4F6-493A-9AF8-6945E0739E9C}.Debug|Any CPU.ActiveCfg = Debug|Any CPU
		{58B54BB7-F4F6-493A-9AF8-6945E0739E9C}.Debug|Any CPU.Build.0 = Debug|Any CPU
		{58B54BB7-F4F6-493A-9AF8-6945E0739E9C}.Release|Any CPU.ActiveCfg = Release|Any CPU
		{58B54BB7-F4F6-493A-9AF8-6945E0739E9C}.Release|Any CPU.Build.0 = Release|Any CPU
		{BCDAF299-D526-4890-AC0A-91E6E9004CFE}.Debug|Any CPU.ActiveCfg = Debug|Any CPU
		{BCDAF299-D526-4890-AC0A-91E6E9004CFE}.Debug|Any CPU.Build.0 = Debug|Any CPU
		{BCDAF299-D526-4890-AC0A-91E6E9004CFE}.Release|Any CPU.ActiveCfg = Release|Any CPU
		{BCDAF299-D526-4890-AC0A-91E6E9004CFE}.Release|Any CPU.Build.0 = Release|Any CPU
		{3ED9AEA7-137A-4FAE-97D3-3AA1BB465AD6}.Debug|Any CPU.ActiveCfg = Debug|Any CPU
		{3ED9AEA7-137A-4FAE-97D3-3AA1BB465AD6}.Debug|Any CPU.Build.0 = Debug|Any CPU
		{3ED9AEA7-137A-4FAE-97D3-3AA1BB465AD6}.Release|Any CPU.ActiveCfg = Release|Any CPU
		{3ED9AEA7-137A-4FAE-97D3-3AA1BB465AD6}.Release|Any CPU.Build.0 = Release|Any CPU
	EndGlobalSection
	GlobalSection(SolutionProperties) = preSolution
		HideSolutionNode = FALSE
	EndGlobalSection
	GlobalSection(NestedProjects) = preSolution
		{BCDAF299-D526-4890-AC0A-91E6E9004CFE} = {E8FA46F0-40A3-459E-BD9C-6B85C150E32C}
		{3ED9AEA7-137A-4FAE-97D3-3AA1BB465AD6} = {E8FA46F0-40A3-459E-BD9C-6B85C150E32C}
	EndGlobalSection
	GlobalSection(ExtensibilityGlobals) = postSolution
		SolutionGuid = {CE54554E-B741-42D1-9970-B34191B651E0}
	EndGlobalSection
EndGlobal
